
Microsoft Visual Studio Solution File, Format Version 12.00
# Visual Studio 15
VisualStudioVersion = 15.0.27703.2000
MinimumVisualStudioVersion = 10.0.40219.1
Project("{9A19103F-16F7-4668-BE54-9A1E7A4F7556}") = "WAD.NET", "WAD.NET\WAD.NET.csproj", "{50438678-4828-42A2-9141-8AB05C510A5C}"
EndProject
Project("{9A19103F-16F7-4668-BE54-9A1E7A4F7556}") = "WAD.NET.Tests", "Wad.NET.Tests\WAD.NET.Tests.csproj", "{44C16B81-AB9F-4C7A-B231-A8E593747933}"
EndProject
Global
	GlobalSection(SolutionConfigurationPlatforms) = preSolution
		Debug|Any CPU = Debug|Any CPU
		Release|Any CPU = Release|Any CPU
	EndGlobalSection
	GlobalSection(ProjectConfigurationPlatforms) = postSolution
		{50438678-4828-42A2-9141-8AB05C510A5C}.Debug|Any CPU.ActiveCfg = Debug|Any CPU
		{50438678-4828-42A2-9141-8AB05C510A5C}.Debug|Any CPU.Build.0 = Debug|Any CPU
		{50438678-4828-42A2-9141-8AB05C510A5C}.Release|Any CPU.ActiveCfg = Release|Any CPU
		{50438678-4828-42A2-9141-8AB05C510A5C}.Release|Any CPU.Build.0 = Release|Any CPU
		{44C16B81-AB9F-4C7A-B231-A8E593747933}.Debug|Any CPU.ActiveCfg = Debug|Any CPU
		{44C16B81-AB9F-4C7A-B231-A8E593747933}.Debug|Any CPU.Build.0 = Debug|Any CPU
		{44C16B81-AB9F-4C7A-B231-A8E593747933}.Release|Any CPU.ActiveCfg = Release|Any CPU
		{44C16B81-AB9F-4C7A-B231-A8E593747933}.Release|Any CPU.Build.0 = Release|Any CPU
	EndGlobalSection
	GlobalSection(SolutionProperties) = preSolution
		HideSolutionNode = FALSE
	EndGlobalSection
	GlobalSection(ExtensibilityGlobals) = postSolution
		SolutionGuid = {28341237-5CD2-43F2-8A28-AD088ACCA596}
	EndGlobalSection
EndGlobal
